
Microsoft Visual Studio Solution File, Format Version 12.00
# Visual Studio 15
VisualStudioVersion = 15.0.28307.168
MinimumVisualStudioVersion = 10.0.40219.1
Project("{FAE04EC0-301F-11D3-BF4B-00C04F79EFBC}") = "TicketTracker", "TicketTracker\TicketTracker.csproj", "{AA48FF6B-903B-479C-ACE1-D45ADBD7EFA5}"
EndProject
Global
	GlobalSection(SolutionConfigurationPlatforms) = preSolution
		Debug|Any CPU = Debug|Any CPU
		Release|Any CPU = Release|Any CPU
	EndGlobalSection
	GlobalSection(ProjectConfigurationPlatforms) = postSolution
		{AA48FF6B-903B-479C-ACE1-D45ADBD7EFA5}.Debug|Any CPU.ActiveCfg = Debug|Any CPU
		{AA48FF6B-903B-479C-ACE1-D45ADBD7EFA5}.Debug|Any CPU.Build.0 = Debug|Any CPU
		{AA48FF6B-903B-479C-ACE1-D45ADBD7EFA5}.Release|Any CPU.ActiveCfg = Release|Any CPU
		{AA48FF6B-903B-479C-ACE1-D45ADBD7EFA5}.Release|Any CPU.Build.0 = Release|Any CPU
	EndGlobalSection
	GlobalSection(SolutionProperties) = preSolution
		HideSolutionNode = FALSE
	EndGlobalSection
	GlobalSection(ExtensibilityGlobals) = postSolution
		SolutionGuid = {1ECED5E2-2005-4CC5-A567-FF0FF0FB8142}
	EndGlobalSection
EndGlobal
